
Microsoft Visual Studio Solution File, Format Version 12.00
# Visual Studio 14
VisualStudioVersion = 14.0.25420.1
MinimumVisualStudioVersion = 10.0.40219.1
Project("{159641D6-6404-4A2A-AE62-294DE0FE8301}") = "Ricaro_Vertenten_DBD622F2", "Ricaro_Vertenten_DBD622F2\Ricaro_Vertenten_DBD622F2.dtproj", "{AA197A37-B52C-4C4A-89D3-C8EF3778959A}"
EndProject
Global
	GlobalSection(SolutionConfigurationPlatforms) = preSolution
		Development|Default = Development|Default
	EndGlobalSection
	GlobalSection(ProjectConfigurationPlatforms) = postSolution
		{AA197A37-B52C-4C4A-89D3-C8EF3778959A}.Development|Default.ActiveCfg = Development
		{AA197A37-B52C-4C4A-89D3-C8EF3778959A}.Development|Default.Build.0 = Development
	EndGlobalSection
	GlobalSection(SolutionProperties) = preSolution
		HideSolutionNode = FALSE
	EndGlobalSection
EndGlobal
